
Microsoft Visual Studio Solution File, Format Version 12.00
# Visual Studio 2012
Project("{FAE04EC0-301F-11D3-BF4B-00C04F79EFBC}") = "The library project", "The library project\The library project.csproj", "{19D66F08-712B-4D24-80EF-22C5FBE7117D}"
EndProject
Global
	GlobalSection(SolutionConfigurationPlatforms) = preSolution
		Debug|Any CPU = Debug|Any CPU
		Release|Any CPU = Release|Any CPU
	EndGlobalSection
	GlobalSection(ProjectConfigurationPlatforms) = postSolution
		{19D66F08-712B-4D24-80EF-22C5FBE7117D}.Debug|Any CPU.ActiveCfg = Debug|Any CPU
		{19D66F08-712B-4D24-80EF-22C5FBE7117D}.Debug|Any CPU.Build.0 = Debug|Any CPU
		{19D66F08-712B-4D24-80EF-22C5FBE7117D}.Release|Any CPU.ActiveCfg = Release|Any CPU
		{19D66F08-712B-4D24-80EF-22C5FBE7117D}.Release|Any CPU.Build.0 = Release|Any CPU
	EndGlobalSection
	GlobalSection(SolutionProperties) = preSolution
		HideSolutionNode = FALSE
	EndGlobalSection
EndGlobal
